
Microsoft Visual Studio Solution File, Format Version 12.00
# Visual Studio Version 17
VisualStudioVersion = 17.11.35312.102
MinimumVisualStudioVersion = 10.0.40219.1
Project("{FAE04EC0-301F-11D3-BF4B-00C04F79EFBC}") = "PostRequests", "PostRequests\PostRequests.csproj", "{03DB3A02-14F0-4A34-98A5-39C5B22F86F6}"
EndProject
Global
	GlobalSection(SolutionConfigurationPlatforms) = preSolution
		Debug|Any CPU = Debug|Any CPU
		Release|Any CPU = Release|Any CPU
	EndGlobalSection
	GlobalSection(ProjectConfigurationPlatforms) = postSolution
		{03DB3A02-14F0-4A34-98A5-39C5B22F86F6}.Debug|Any CPU.ActiveCfg = Debug|Any CPU
		{03DB3A02-14F0-4A34-98A5-39C5B22F86F6}.Debug|Any CPU.Build.0 = Debug|Any CPU
		{03DB3A02-14F0-4A34-98A5-39C5B22F86F6}.Release|Any CPU.ActiveCfg = Release|Any CPU
		{03DB3A02-14F0-4A34-98A5-39C5B22F86F6}.Release|Any CPU.Build.0 = Release|Any CPU
	EndGlobalSection
	GlobalSection(SolutionProperties) = preSolution
		HideSolutionNode = FALSE
	EndGlobalSection
	GlobalSection(ExtensibilityGlobals) = postSolution
		SolutionGuid = {D2C1FB13-AF28-4474-9718-BF6C7C972E55}
	EndGlobalSection
EndGlobal
